{
  "requires": true,
  "lockfileVersion": 1,
  "dependencies": {
    "@types/apicache": {
      "version": "1.6.2",
      "resolved": "https://registry.npmjs.org/@types/apicache/-/apicache-1.6.2.tgz",
      "integrity": "sha512-V9oFTVCQv3/7kIwghDfdSEll1o27tgzGaBT7w184EEORV+lqWg+eknhS1ZTuM2RYcLjPFSvuoUbDj/CJLJuSOw==",
      "dev": true,
      "requires": {
        "@types/express": "*",
        "@types/redis": "^2.8.0"
      }
    },
    "@types/body-parser": {
      "version": "1.19.2",
      "resolved": "https://registry.npmjs.org/@types/body-parser/-/body-parser-1.19.2.tgz",
      "integrity": "sha512-ALYone6pm6QmwZoAgeyNksccT9Q4AWZQ6PvfwR37GT6r6FWUPguq6sUmNGSMV2Wr761oQoBxwGGa6DR5o1DC9g==",
      "dev": true,
      "requires": {
        "@types/connect": "*",
        "@types/node": "*"
      }
    },
    "@types/compression": {
      "version": "1.7.3",
      "resolved": "https://registry.npmjs.org/@types/compression/-/compression-1.7.3.tgz",
      "integrity": "sha512-rKquEGjebqizyHNMOpaE/4FdYR5VQiWFeesqYfvJU0seSEyB4625UGhNOO/qIkH10S3wftiV7oefc8WdLZ/gCQ==",
      "dev": true,
      "requires": {
        "@types/express": "*"
      }
    },
    "@types/connect": {
      "version": "3.4.37",
      "resolved": "https://registry.npmjs.org/@types/connect/-/connect-3.4.37.tgz",
      "integrity": "sha512-zBUSRqkfZ59OcwXon4HVxhx5oWCJmc0OtBTK05M+p0dYjgN6iTwIL2T/WbsQZrEsdnwaF9cWQ+azOnpPvIqY3Q==",
      "dev": true,
      "requires": {
        "@types/node": "*"
      }
    },
    "@types/cors": {
      "version": "2.8.14",
      "resolved": "https://registry.npmjs.org/@types/cors/-/cors-2.8.14.tgz",
      "integrity": "sha512-RXHUvNWYICtbP6s18PnOCaqToK8y14DnLd75c6HfyKf228dxy7pHNOQkxPtvXKp/hINFMDjbYzsj63nnpPMSRQ==",
      "dev": true,
      "requires": {
        "@types/node": "*"
      }
    },
    "@types/errorhandler": {
      "version": "1.5.0",
      "resolved": "https://registry.npmjs.org/@types/errorhandler/-/errorhandler-1.5.0.tgz",
      "integrity": "sha512-g5jrn2aofEn7O2OW/T+PlmGUUD/AtrX7DI87zrxz6rK5XIyvQf3FbPJrwgYaVjVOaCyvEkx9yxLd/XlEA43OcA==",
      "dev": true,
      "requires": {
        "@types/express": "*"
      }
    },
    "@types/express": {
      "version": "4.17.17",
      "resolved": "https://registry.npmjs.org/@types/express/-/express-4.17.17.tgz",
      "integrity": "sha512-Q4FmmuLGBG58btUnfS1c1r/NQdlp3DMfGDGig8WhfpA2YRUtEkxAjkZb0yvplJGYdF1fsQ81iMDcH24sSCNC/Q==",
      "dev": true,
      "requires": {
        "@types/body-parser": "*",
        "@types/express-serve-static-core": "^4.17.33",
        "@types/qs": "*",
        "@types/serve-static": "*"
      }
    },
    "@types/express-serve-static-core": {
      "version": "4.17.39",
      "resolved": "https://registry.npmjs.org/@types/express-serve-static-core/-/express-serve-static-core-4.17.39.tgz",
      "integrity": "sha512-BiEUfAiGCOllomsRAZOiMFP7LAnrifHpt56pc4Z7l9K6ACyN06Ns1JLMBxwkfLOjJRlSf06NwWsT7yzfpaVpyQ==",
      "dev": true,
      "requires": {
        "@types/node": "*",
        "@types/qs": "*",
        "@types/range-parser": "*",
        "@types/send": "*"
      }
    },
    "@types/http-errors": {
      "version": "2.0.3",
      "resolved": "https://registry.npmjs.org/@types/http-errors/-/http-errors-2.0.3.tgz",
      "integrity": "sha512-pP0P/9BnCj1OVvQR2lF41EkDG/lWWnDyA203b/4Fmi2eTyORnBtcDoKDwjWQthELrBvWkMOrvSOnZ8OVlW6tXA==",
      "dev": true
    },
    "@types/json-server": {
      "version": "0.14.4",
      "resolved": "https://registry.npmjs.org/@types/json-server/-/json-server-0.14.4.tgz",
      "integrity": "sha512-mzeeqxw4cl+1hKm/Fp8ELhrukX2r7312G5DfdksLSpQCSeczauohzX4kbQWa4xUN7FlClct6nBubr1tos+XIeQ==",
      "dev": true,
      "requires": {
        "@types/connect": "*",
        "@types/express": "*",
        "@types/lowdb": "*"
      }
    },
    "@types/lodash": {
      "version": "4.14.198",
      "resolved": "https://registry.npmjs.org/@types/lodash/-/lodash-4.14.198.tgz",
      "integrity": "sha512-trNJ/vtMZYMLhfN45uLq4ShQSw0/S7xCTLLVM+WM1rmFpba/VS42jVUgaO3w/NOLiWR/09lnYk0yMaA/atdIsg==",
      "dev": true
    },
    "@types/lowdb": {
      "version": "1.0.12",
      "resolved": "https://registry.npmjs.org/@types/lowdb/-/lowdb-1.0.12.tgz",
      "integrity": "sha512-m/hOfY7nuwo9V3yApvR6aJ3uZP6iNC74S7Bx5BWz0L7IrzjKyzUur/jEdlYWBWWVjmkCz+ECK9nk8UJoQa8aZw==",
      "dev": true,
      "requires": {
        "@types/lodash": "*"
      }
    },
    "@types/method-override": {
      "version": "0.0.32",
      "resolved": "https://registry.npmjs.org/@types/method-override/-/method-override-0.0.32.tgz",
      "integrity": "sha512-Vf9AohOlANmhNswCbkdRG3p+tYcq1+63O+ex1UoNIVYWW3tO8Mx6Z+5G1R8DENeC6/t1SiDJS+ph6ACKpryokg==",
      "dev": true,
      "requires": {
        "@types/express": "*"
      }
    },
    "@types/mime": {
      "version": "1.3.4",
      "resolved": "https://registry.npmjs.org/@types/mime/-/mime-1.3.4.tgz",
      "integrity": "sha512-1Gjee59G25MrQGk8bsNvC6fxNiRgUlGn2wlhGf95a59DrprnnHk80FIMMFG9XHMdrfsuA119ht06QPDXA1Z7tw==",
      "dev": true
    },
    "@types/morgan": {
      "version": "1.9.5",
      "resolved": "https://registry.npmjs.org/@types/morgan/-/morgan-1.9.5.tgz",
      "integrity": "sha512-5TgfIWm0lcTGnbCZExwc19dCOMOMmAiiBZQj8Ko3NRxsVDgRxf+AEGRQTqNVA5Yh2xfdWp4clbAEMbYP+jkOqg==",
      "dev": true,
      "requires": {
        "@types/node": "*"
      }
    },
    "@types/node": {
      "version": "20.6.0",
      "resolved": "https://registry.npmjs.org/@types/node/-/node-20.6.0.tgz",
      "integrity": "sha512-najjVq5KN2vsH2U/xyh2opaSEz6cZMR2SetLIlxlj08nOcmPOemJmUK2o4kUzfLqfrWE0PIrNeE16XhYDd3nqg==",
      "dev": true
    },
    "@types/qs": {
      "version": "6.9.9",
      "resolved": "https://registry.npmjs.org/@types/qs/-/qs-6.9.9.tgz",
      "integrity": "sha512-wYLxw35euwqGvTDx6zfY1vokBFnsK0HNrzc6xNHchxfO2hpuRg74GbkEW7e3sSmPvj0TjCDT1VCa6OtHXnubsg==",
      "dev": true
    },
    "@types/range-parser": {
      "version": "1.2.6",
      "resolved": "https://registry.npmjs.org/@types/range-parser/-/range-parser-1.2.6.tgz",
      "integrity": "sha512-+0autS93xyXizIYiyL02FCY8N+KkKPhILhcUSA276HxzreZ16kl+cmwvV2qAM/PuCCwPXzOXOWhiPcw20uSFcA==",
      "dev": true
    },
    "@types/redis": {
      "version": "2.8.32",
      "resolved": "https://registry.npmjs.org/@types/redis/-/redis-2.8.32.tgz",
      "integrity": "sha512-7jkMKxcGq9p242exlbsVzuJb57KqHRhNl4dHoQu2Y5v9bCAbtIXXH0R3HleSQW4CTOqpHIYUW3t6tpUj4BVQ+w==",
      "dev": true,
      "requires": {
        "@types/node": "*"
      }
    },
    "@types/send": {
      "version": "0.17.3",
      "resolved": "https://registry.npmjs.org/@types/send/-/send-0.17.3.tgz",
      "integrity": "sha512-/7fKxvKUoETxjFUsuFlPB9YndePpxxRAOfGC/yJdc9kTjTeP5kRCTzfnE8kPUKCeyiyIZu0YQ76s50hCedI1ug==",
      "dev": true,
      "requires": {
        "@types/mime": "^1",
        "@types/node": "*"
      }
    },
    "@types/serve-static": {
      "version": "1.15.4",
      "resolved": "https://registry.npmjs.org/@types/serve-static/-/serve-static-1.15.4.tgz",
      "integrity": "sha512-aqqNfs1XTF0HDrFdlY//+SGUxmdSUbjeRXb5iaZc3x0/vMbYmdw9qvOgHWOyyLFxSSRnUuP5+724zBgfw8/WAw==",
      "dev": true,
      "requires": {
        "@types/http-errors": "*",
        "@types/mime": "*",
        "@types/node": "*"
      }
    },
    "types-registry": {
      "version": "0.1.684",
      "resolved": "https://registry.npmjs.org/types-registry/-/types-registry-0.1.684.tgz",
      "integrity": "sha512-B6v+g9M+7IJSc1w2THOmTuRKvd/ACxZTGXM18E8MzpHWx1mGUvGGT+RXsSnxNpyqtbjWLeXj8uyyu/MxVOS3xw=="
    }
  }
}
